
Microsoft Visual Studio Solution File, Format Version 12.00
# Visual Studio Version 16
VisualStudioVersion = 16.0.29806.167
MinimumVisualStudioVersion = 10.0.40219.1
Project("{9A19103F-16F7-4668-BE54-9A1E7A4F7556}") = "Nuclear.Units", "Nuclear.Units\Nuclear.Units.csproj", "{69504DE1-7DDF-45F8-B7EE-F0CDB0326A26}"
EndProject
Project("{9A19103F-16F7-4668-BE54-9A1E7A4F7556}") = "Nuclear.Units.uTests", "Nuclear.Units.uTests\Nuclear.Units.uTests.csproj", "{0778CD54-A69E-417E-942E-189256EA5331}"
EndProject
Project("{9A19103F-16F7-4668-BE54-9A1E7A4F7556}") = "Nuclear.Units.Contracts", "Nuclear.Units.Contracts\Nuclear.Units.Contracts.csproj", "{9029631A-69C9-494E-B1D7-D0F9C81D96E3}"
EndProject
Project("{2150E333-8FDC-42A3-9474-1A3956D46DE8}") = "Solution Items", "Solution Items", "{1939BFF1-B590-46D7-80D6-4290FA299810}"
	ProjectSection(SolutionItems) = preProject
		Configurations.targets = Configurations.targets
		publish.bat = publish.bat
	EndProjectSection
EndProject
Project("{9A19103F-16F7-4668-BE54-9A1E7A4F7556}") = "Nuclear.Properties.Contracts", "Nuclear.Properties.Contracts\Nuclear.Properties.Contracts.csproj", "{6BE9101A-6144-463D-8741-9B1CED4F189D}"
EndProject
Project("{9A19103F-16F7-4668-BE54-9A1E7A4F7556}") = "Nuclear.Properties", "Nuclear.Properties\Nuclear.Properties.csproj", "{883FE745-1ECD-48F5-8E47-7FCFAB292563}"
EndProject
Project("{9A19103F-16F7-4668-BE54-9A1E7A4F7556}") = "Nuclear.Properties.uTests", "Nuclear.Properties.uTests\Nuclear.Properties.uTests.csproj", "{ED77BEE1-8FD0-4B99-B085-FD760C9E9E10}"
EndProject
Project("{9A19103F-16F7-4668-BE54-9A1E7A4F7556}") = "Nuclear.Maths", "Nuclear.Maths\Nuclear.Maths.csproj", "{CB6A1D86-FE10-4C2D-A7A2-BBD53024DC8D}"
EndProject
Project("{9A19103F-16F7-4668-BE54-9A1E7A4F7556}") = "Nuclear.Maths.uTests", "Nuclear.Maths.uTests\Nuclear.Maths.uTests.csproj", "{6DDCFC6C-FA09-483B-9788-8BA15945BB35}"
EndProject
Project("{9A19103F-16F7-4668-BE54-9A1E7A4F7556}") = "Nuclear.Exceptions", "Nuclear.Exceptions\Nuclear.Exceptions.csproj", "{6FF7F88D-A70C-4382-8992-7BBF388CD4E2}"
EndProject
Project("{9A19103F-16F7-4668-BE54-9A1E7A4F7556}") = "Nuclear.Exceptions.uTests", "Nuclear.Exceptions.uTests\Nuclear.Exceptions.uTests.csproj", "{98DBCE13-5B63-4D7C-BB74-517A654DE817}"
EndProject
Project("{9A19103F-16F7-4668-BE54-9A1E7A4F7556}") = "Nuclear.Extensions", "Nuclear.Extensions\Nuclear.Extensions.csproj", "{FF2DA572-4563-461D-ABB6-1FC1D27B049C}"
EndProject
Project("{9A19103F-16F7-4668-BE54-9A1E7A4F7556}") = "Nuclear.Extensions.uTests", "Nuclear.Extensions.uTests\Nuclear.Extensions.uTests.csproj", "{DC1A690F-FF52-4ACB-9589-F35891834B20}"
EndProject
Project("{9A19103F-16F7-4668-BE54-9A1E7A4F7556}") = "Nuclear.Arguments", "Nuclear.Arguments\Nuclear.Arguments.csproj", "{47F4F8B4-7A38-402C-B9C0-AE4FADB7E26E}"
EndProject
Project("{9A19103F-16F7-4668-BE54-9A1E7A4F7556}") = "Nuclear.Arguments.uTests", "Nuclear.Arguments.uTests\Nuclear.Arguments.uTests.csproj", "{070EDC4A-9371-4967-ACD4-2D4C9DAA68C1}"
EndProject
Project("{9A19103F-16F7-4668-BE54-9A1E7A4F7556}") = "Nuclear.Assemblies", "Nuclear.Assemblies\Nuclear.Assemblies.csproj", "{8ECF5771-B340-4C7D-9F9C-72BB7A795B68}"
EndProject
Project("{9A19103F-16F7-4668-BE54-9A1E7A4F7556}") = "Nuclear.Assemblies.uTests", "Nuclear.Assemblies.uTests\Nuclear.Assemblies.uTests.csproj", "{900A6C64-A8C5-4CD5-88F7-AAC59230C573}"
EndProject
Project("{9A19103F-16F7-4668-BE54-9A1E7A4F7556}") = "Nuclear.Assemblies.iTests", "Nuclear.Assemblies.iTests\Nuclear.Assemblies.iTests.csproj", "{73DF8E94-CD1B-4961-B479-273593847F71}"
EndProject
Project("{9A19103F-16F7-4668-BE54-9A1E7A4F7556}") = "Nuclear.Creation", "Nuclear.Creation\Nuclear.Creation.csproj", "{45751974-6D0A-4387-97F7-9869A487C8D4}"
EndProject
Project("{9A19103F-16F7-4668-BE54-9A1E7A4F7556}") = "Nuclear.Creation.uTests", "Nuclear.Creation.uTests\Nuclear.Creation.uTests.csproj", "{05322872-9C7B-4F92-A054-C56B36B70157}"
EndProject
Project("{FAE04EC0-301F-11D3-BF4B-00C04F79EFBC}") = "Nuclear.SemVer", "Nuclear.SemVer\Nuclear.SemVer.csproj", "{BB344B93-717D-41A2-8D10-832D44511CA7}"
EndProject
Project("{FAE04EC0-301F-11D3-BF4B-00C04F79EFBC}") = "Nuclear.SemVer.uTests", "Nuclear.SemVer.uTests\Nuclear.SemVer.uTests.csproj", "{C65C8121-C775-42AC-A40D-EADA4EAD4CBE}"
EndProject
Global
	GlobalSection(SolutionConfigurationPlatforms) = preSolution
		Debug|Any CPU = Debug|Any CPU
		Integration|Any CPU = Integration|Any CPU
		Release|Any CPU = Release|Any CPU
	EndGlobalSection
	GlobalSection(ProjectConfigurationPlatforms) = postSolution
		{69504DE1-7DDF-45F8-B7EE-F0CDB0326A26}.Debug|Any CPU.ActiveCfg = Debug|Any CPU
		{69504DE1-7DDF-45F8-B7EE-F0CDB0326A26}.Debug|Any CPU.Build.0 = Debug|Any CPU
		{69504DE1-7DDF-45F8-B7EE-F0CDB0326A26}.Integration|Any CPU.ActiveCfg = Integration|Any CPU
		{69504DE1-7DDF-45F8-B7EE-F0CDB0326A26}.Integration|Any CPU.Build.0 = Integration|Any CPU
		{69504DE1-7DDF-45F8-B7EE-F0CDB0326A26}.Release|Any CPU.ActiveCfg = Release|Any CPU
		{69504DE1-7DDF-45F8-B7EE-F0CDB0326A26}.Release|Any CPU.Build.0 = Release|Any CPU
		{0778CD54-A69E-417E-942E-189256EA5331}.Debug|Any CPU.ActiveCfg = Debug|Any CPU
		{0778CD54-A69E-417E-942E-189256EA5331}.Debug|Any CPU.Build.0 = Debug|Any CPU
		{0778CD54-A69E-417E-942E-189256EA5331}.Integration|Any CPU.ActiveCfg = Integration|Any CPU
		{0778CD54-A69E-417E-942E-189256EA5331}.Integration|Any CPU.Build.0 = Integration|Any CPU
		{0778CD54-A69E-417E-942E-189256EA5331}.Release|Any CPU.ActiveCfg = Release|Any CPU
		{0778CD54-A69E-417E-942E-189256EA5331}.Release|Any CPU.Build.0 = Release|Any CPU
		{9029631A-69C9-494E-B1D7-D0F9C81D96E3}.Debug|Any CPU.ActiveCfg = Debug|Any CPU
		{9029631A-69C9-494E-B1D7-D0F9C81D96E3}.Debug|Any CPU.Build.0 = Debug|Any CPU
		{9029631A-69C9-494E-B1D7-D0F9C81D96E3}.Integration|Any CPU.ActiveCfg = Integration|Any CPU
		{9029631A-69C9-494E-B1D7-D0F9C81D96E3}.Integration|Any CPU.Build.0 = Integration|Any CPU
		{9029631A-69C9-494E-B1D7-D0F9C81D96E3}.Release|Any CPU.ActiveCfg = Release|Any CPU
		{9029631A-69C9-494E-B1D7-D0F9C81D96E3}.Release|Any CPU.Build.0 = Release|Any CPU
		{6BE9101A-6144-463D-8741-9B1CED4F189D}.Debug|Any CPU.ActiveCfg = Debug|Any CPU
		{6BE9101A-6144-463D-8741-9B1CED4F189D}.Debug|Any CPU.Build.0 = Debug|Any CPU
		{6BE9101A-6144-463D-8741-9B1CED4F189D}.Integration|Any CPU.ActiveCfg = Integration|Any CPU
		{6BE9101A-6144-463D-8741-9B1CED4F189D}.Integration|Any CPU.Build.0 = Integration|Any CPU
		{6BE9101A-6144-463D-8741-9B1CED4F189D}.Release|Any CPU.ActiveCfg = Release|Any CPU
		{6BE9101A-6144-463D-8741-9B1CED4F189D}.Release|Any CPU.Build.0 = Release|Any CPU
		{883FE745-1ECD-48F5-8E47-7FCFAB292563}.Debug|Any CPU.ActiveCfg = Debug|Any CPU
		{883FE745-1ECD-48F5-8E47-7FCFAB292563}.Debug|Any CPU.Build.0 = Debug|Any CPU
		{883FE745-1ECD-48F5-8E47-7FCFAB292563}.Integration|Any CPU.ActiveCfg = Integration|Any CPU
		{883FE745-1ECD-48F5-8E47-7FCFAB292563}.Integration|Any CPU.Build.0 = Integration|Any CPU
		{883FE745-1ECD-48F5-8E47-7FCFAB292563}.Release|Any CPU.ActiveCfg = Release|Any CPU
		{883FE745-1ECD-48F5-8E47-7FCFAB292563}.Release|Any CPU.Build.0 = Release|Any CPU
		{ED77BEE1-8FD0-4B99-B085-FD760C9E9E10}.Debug|Any CPU.ActiveCfg = Debug|Any CPU
		{ED77BEE1-8FD0-4B99-B085-FD760C9E9E10}.Debug|Any CPU.Build.0 = Debug|Any CPU
		{ED77BEE1-8FD0-4B99-B085-FD760C9E9E10}.Integration|Any CPU.ActiveCfg = Integration|Any CPU
		{ED77BEE1-8FD0-4B99-B085-FD760C9E9E10}.Integration|Any CPU.Build.0 = Integration|Any CPU
		{ED77BEE1-8FD0-4B99-B085-FD760C9E9E10}.Release|Any CPU.ActiveCfg = Release|Any CPU
		{ED77BEE1-8FD0-4B99-B085-FD760C9E9E10}.Release|Any CPU.Build.0 = Release|Any CPU
		{CB6A1D86-FE10-4C2D-A7A2-BBD53024DC8D}.Debug|Any CPU.ActiveCfg = Debug|Any CPU
		{CB6A1D86-FE10-4C2D-A7A2-BBD53024DC8D}.Integration|Any CPU.ActiveCfg = Integration|Any CPU
		{CB6A1D86-FE10-4C2D-A7A2-BBD53024DC8D}.Release|Any CPU.ActiveCfg = Release|Any CPU
		{6DDCFC6C-FA09-483B-9788-8BA15945BB35}.Debug|Any CPU.ActiveCfg = Debug|Any CPU
		{6DDCFC6C-FA09-483B-9788-8BA15945BB35}.Integration|Any CPU.ActiveCfg = Release|Any CPU
		{6DDCFC6C-FA09-483B-9788-8BA15945BB35}.Release|Any CPU.ActiveCfg = Release|Any CPU
		{6FF7F88D-A70C-4382-8992-7BBF388CD4E2}.Debug|Any CPU.ActiveCfg = Debug|Any CPU
		{6FF7F88D-A70C-4382-8992-7BBF388CD4E2}.Debug|Any CPU.Build.0 = Debug|Any CPU
		{6FF7F88D-A70C-4382-8992-7BBF388CD4E2}.Integration|Any CPU.ActiveCfg = Integration|Any CPU
		{6FF7F88D-A70C-4382-8992-7BBF388CD4E2}.Integration|Any CPU.Build.0 = Integration|Any CPU
		{6FF7F88D-A70C-4382-8992-7BBF388CD4E2}.Release|Any CPU.ActiveCfg = Release|Any CPU
		{6FF7F88D-A70C-4382-8992-7BBF388CD4E2}.Release|Any CPU.Build.0 = Release|Any CPU
		{98DBCE13-5B63-4D7C-BB74-517A654DE817}.Debug|Any CPU.ActiveCfg = Debug|Any CPU
		{98DBCE13-5B63-4D7C-BB74-517A654DE817}.Debug|Any CPU.Build.0 = Debug|Any CPU
		{98DBCE13-5B63-4D7C-BB74-517A654DE817}.Integration|Any CPU.ActiveCfg = Integration|Any CPU
		{98DBCE13-5B63-4D7C-BB74-517A654DE817}.Integration|Any CPU.Build.0 = Integration|Any CPU
		{98DBCE13-5B63-4D7C-BB74-517A654DE817}.Release|Any CPU.ActiveCfg = Release|Any CPU
		{98DBCE13-5B63-4D7C-BB74-517A654DE817}.Release|Any CPU.Build.0 = Release|Any CPU
		{FF2DA572-4563-461D-ABB6-1FC1D27B049C}.Debug|Any CPU.ActiveCfg = Debug|Any CPU
		{FF2DA572-4563-461D-ABB6-1FC1D27B049C}.Debug|Any CPU.Build.0 = Debug|Any CPU
		{FF2DA572-4563-461D-ABB6-1FC1D27B049C}.Integration|Any CPU.ActiveCfg = Integration|Any CPU
		{FF2DA572-4563-461D-ABB6-1FC1D27B049C}.Integration|Any CPU.Build.0 = Integration|Any CPU
		{FF2DA572-4563-461D-ABB6-1FC1D27B049C}.Release|Any CPU.ActiveCfg = Release|Any CPU
		{FF2DA572-4563-461D-ABB6-1FC1D27B049C}.Release|Any CPU.Build.0 = Release|Any CPU
		{DC1A690F-FF52-4ACB-9589-F35891834B20}.Debug|Any CPU.ActiveCfg = Debug|Any CPU
		{DC1A690F-FF52-4ACB-9589-F35891834B20}.Debug|Any CPU.Build.0 = Debug|Any CPU
		{DC1A690F-FF52-4ACB-9589-F35891834B20}.Integration|Any CPU.ActiveCfg = Integration|Any CPU
		{DC1A690F-FF52-4ACB-9589-F35891834B20}.Integration|Any CPU.Build.0 = Integration|Any CPU
		{DC1A690F-FF52-4ACB-9589-F35891834B20}.Release|Any CPU.ActiveCfg = Release|Any CPU
		{DC1A690F-FF52-4ACB-9589-F35891834B20}.Release|Any CPU.Build.0 = Release|Any CPU
		{47F4F8B4-7A38-402C-B9C0-AE4FADB7E26E}.Debug|Any CPU.ActiveCfg = Debug|Any CPU
		{47F4F8B4-7A38-402C-B9C0-AE4FADB7E26E}.Debug|Any CPU.Build.0 = Debug|Any CPU
		{47F4F8B4-7A38-402C-B9C0-AE4FADB7E26E}.Integration|Any CPU.ActiveCfg = Integration|Any CPU
		{47F4F8B4-7A38-402C-B9C0-AE4FADB7E26E}.Integration|Any CPU.Build.0 = Integration|Any CPU
		{47F4F8B4-7A38-402C-B9C0-AE4FADB7E26E}.Release|Any CPU.ActiveCfg = Release|Any CPU
		{47F4F8B4-7A38-402C-B9C0-AE4FADB7E26E}.Release|Any CPU.Build.0 = Release|Any CPU
		{070EDC4A-9371-4967-ACD4-2D4C9DAA68C1}.Debug|Any CPU.ActiveCfg = Debug|Any CPU
		{070EDC4A-9371-4967-ACD4-2D4C9DAA68C1}.Debug|Any CPU.Build.0 = Debug|Any CPU
		{070EDC4A-9371-4967-ACD4-2D4C9DAA68C1}.Integration|Any CPU.ActiveCfg = Integration|Any CPU
		{070EDC4A-9371-4967-ACD4-2D4C9DAA68C1}.Integration|Any CPU.Build.0 = Integration|Any CPU
		{070EDC4A-9371-4967-ACD4-2D4C9DAA68C1}.Release|Any CPU.ActiveCfg = Release|Any CPU
		{070EDC4A-9371-4967-ACD4-2D4C9DAA68C1}.Release|Any CPU.Build.0 = Release|Any CPU
		{8ECF5771-B340-4C7D-9F9C-72BB7A795B68}.Debug|Any CPU.ActiveCfg = Debug|Any CPU
		{8ECF5771-B340-4C7D-9F9C-72BB7A795B68}.Debug|Any CPU.Build.0 = Debug|Any CPU
		{8ECF5771-B340-4C7D-9F9C-72BB7A795B68}.Integration|Any CPU.ActiveCfg = Integration|Any CPU
		{8ECF5771-B340-4C7D-9F9C-72BB7A795B68}.Integration|Any CPU.Build.0 = Integration|Any CPU
		{8ECF5771-B340-4C7D-9F9C-72BB7A795B68}.Release|Any CPU.ActiveCfg = Release|Any CPU
		{8ECF5771-B340-4C7D-9F9C-72BB7A795B68}.Release|Any CPU.Build.0 = Release|Any CPU
		{900A6C64-A8C5-4CD5-88F7-AAC59230C573}.Debug|Any CPU.ActiveCfg = Debug|Any CPU
		{900A6C64-A8C5-4CD5-88F7-AAC59230C573}.Debug|Any CPU.Build.0 = Debug|Any CPU
		{900A6C64-A8C5-4CD5-88F7-AAC59230C573}.Integration|Any CPU.ActiveCfg = Integration|Any CPU
		{900A6C64-A8C5-4CD5-88F7-AAC59230C573}.Integration|Any CPU.Build.0 = Integration|Any CPU
		{900A6C64-A8C5-4CD5-88F7-AAC59230C573}.Release|Any CPU.ActiveCfg = Release|Any CPU
		{900A6C64-A8C5-4CD5-88F7-AAC59230C573}.Release|Any CPU.Build.0 = Release|Any CPU
		{73DF8E94-CD1B-4961-B479-273593847F71}.Debug|Any CPU.ActiveCfg = Debug|Any CPU
		{73DF8E94-CD1B-4961-B479-273593847F71}.Debug|Any CPU.Build.0 = Debug|Any CPU
		{73DF8E94-CD1B-4961-B479-273593847F71}.Integration|Any CPU.ActiveCfg = Integration|Any CPU
		{73DF8E94-CD1B-4961-B479-273593847F71}.Integration|Any CPU.Build.0 = Integration|Any CPU
		{73DF8E94-CD1B-4961-B479-273593847F71}.Release|Any CPU.ActiveCfg = Release|Any CPU
		{73DF8E94-CD1B-4961-B479-273593847F71}.Release|Any CPU.Build.0 = Release|Any CPU
		{45751974-6D0A-4387-97F7-9869A487C8D4}.Debug|Any CPU.ActiveCfg = Debug|Any CPU
		{45751974-6D0A-4387-97F7-9869A487C8D4}.Debug|Any CPU.Build.0 = Debug|Any CPU
		{45751974-6D0A-4387-97F7-9869A487C8D4}.Integration|Any CPU.ActiveCfg = Debug|Any CPU
		{45751974-6D0A-4387-97F7-9869A487C8D4}.Integration|Any CPU.Build.0 = Debug|Any CPU
		{45751974-6D0A-4387-97F7-9869A487C8D4}.Release|Any CPU.ActiveCfg = Release|Any CPU
		{45751974-6D0A-4387-97F7-9869A487C8D4}.Release|Any CPU.Build.0 = Release|Any CPU
		{05322872-9C7B-4F92-A054-C56B36B70157}.Debug|Any CPU.ActiveCfg = Debug|Any CPU
		{05322872-9C7B-4F92-A054-C56B36B70157}.Debug|Any CPU.Build.0 = Debug|Any CPU
		{05322872-9C7B-4F92-A054-C56B36B70157}.Integration|Any CPU.ActiveCfg = Debug|Any CPU
		{05322872-9C7B-4F92-A054-C56B36B70157}.Integration|Any CPU.Build.0 = Debug|Any CPU
		{05322872-9C7B-4F92-A054-C56B36B70157}.Release|Any CPU.ActiveCfg = Release|Any CPU
		{05322872-9C7B-4F92-A054-C56B36B70157}.Release|Any CPU.Build.0 = Release|Any CPU
		{BB344B93-717D-41A2-8D10-832D44511CA7}.Debug|Any CPU.ActiveCfg = Debug|Any CPU
		{BB344B93-717D-41A2-8D10-832D44511CA7}.Debug|Any CPU.Build.0 = Debug|Any CPU
		{BB344B93-717D-41A2-8D10-832D44511CA7}.Integration|Any CPU.ActiveCfg = Debug|Any CPU
		{BB344B93-717D-41A2-8D10-832D44511CA7}.Integration|Any CPU.Build.0 = Debug|Any CPU
		{BB344B93-717D-41A2-8D10-832D44511CA7}.Release|Any CPU.ActiveCfg = Release|Any CPU
		{BB344B93-717D-41A2-8D10-832D44511CA7}.Release|Any CPU.Build.0 = Release|Any CPU
		{C65C8121-C775-42AC-A40D-EADA4EAD4CBE}.Debug|Any CPU.ActiveCfg = Debug|Any CPU
		{C65C8121-C775-42AC-A40D-EADA4EAD4CBE}.Debug|Any CPU.Build.0 = Debug|Any CPU
		{C65C8121-C775-42AC-A40D-EADA4EAD4CBE}.Integration|Any CPU.ActiveCfg = Debug|Any CPU
		{C65C8121-C775-42AC-A40D-EADA4EAD4CBE}.Integration|Any CPU.Build.0 = Debug|Any CPU
		{C65C8121-C775-42AC-A40D-EADA4EAD4CBE}.Release|Any CPU.ActiveCfg = Release|Any CPU
		{C65C8121-C775-42AC-A40D-EADA4EAD4CBE}.Release|Any CPU.Build.0 = Release|Any CPU
	EndGlobalSection
	GlobalSection(SolutionProperties) = preSolution
		HideSolutionNode = FALSE
	EndGlobalSection
	GlobalSection(ExtensibilityGlobals) = postSolution
		SolutionGuid = {59232FAD-4D55-44B8-94F3-896BE51B750C}
	EndGlobalSection
EndGlobal
