
Microsoft Visual Studio Solution File, Format Version 12.00
# Visual Studio 15
VisualStudioVersion = 15.0.28307.902
MinimumVisualStudioVersion = 10.0.40219.1
Project("{9A19103F-16F7-4668-BE54-9A1E7A4F7556}") = "Nuclear.Units", "Nuclear.Units\Nuclear.Units.csproj", "{69504DE1-7DDF-45F8-B7EE-F0CDB0326A26}"
EndProject
Project("{9A19103F-16F7-4668-BE54-9A1E7A4F7556}") = "Nuclear.Units.Tests", "Nuclear.Units.Tests\Nuclear.Units.Tests.csproj", "{0778CD54-A69E-417E-942E-189256EA5331}"
EndProject
Project("{9A19103F-16F7-4668-BE54-9A1E7A4F7556}") = "Nuclear.Units.Contracts", "Nuclear.Units.Contracts\Nuclear.Units.Contracts.csproj", "{9029631A-69C9-494E-B1D7-D0F9C81D96E3}"
EndProject
Project("{2150E333-8FDC-42A3-9474-1A3956D46DE8}") = "Solution Items", "Solution Items", "{1939BFF1-B590-46D7-80D6-4290FA299810}"
	ProjectSection(SolutionItems) = preProject
		Configurations.targets = Configurations.targets
	EndProjectSection
EndProject
Project("{9A19103F-16F7-4668-BE54-9A1E7A4F7556}") = "Nuclear.Properties.Contracts", "Nuclear.Properties.Contracts\Nuclear.Properties.Contracts.csproj", "{6BE9101A-6144-463D-8741-9B1CED4F189D}"
EndProject
Project("{9A19103F-16F7-4668-BE54-9A1E7A4F7556}") = "Nuclear.Properties", "Nuclear.Properties\Nuclear.Properties.csproj", "{883FE745-1ECD-48F5-8E47-7FCFAB292563}"
EndProject
Project("{9A19103F-16F7-4668-BE54-9A1E7A4F7556}") = "Nuclear.Properties.Tests", "Nuclear.Properties.Tests\Nuclear.Properties.Tests.csproj", "{ED77BEE1-8FD0-4B99-B085-FD760C9E9E10}"
EndProject
Project("{9A19103F-16F7-4668-BE54-9A1E7A4F7556}") = "Nuclear.Maths", "Nuclear.Maths\Nuclear.Maths.csproj", "{CB6A1D86-FE10-4C2D-A7A2-BBD53024DC8D}"
EndProject
Project("{9A19103F-16F7-4668-BE54-9A1E7A4F7556}") = "Nuclear.Maths.Tests", "Nuclear.Maths.Tests\Nuclear.Maths.Tests.csproj", "{6DDCFC6C-FA09-483B-9788-8BA15945BB35}"
EndProject
Project("{9A19103F-16F7-4668-BE54-9A1E7A4F7556}") = "Nuclear.Exceptions", "Nuclear.Exceptions\Nuclear.Exceptions.csproj", "{6FF7F88D-A70C-4382-8992-7BBF388CD4E2}"
EndProject
Project("{9A19103F-16F7-4668-BE54-9A1E7A4F7556}") = "Nuclear.Exceptions.Tests", "Nuclear.Exceptions.Tests\Nuclear.Exceptions.Tests.csproj", "{98DBCE13-5B63-4D7C-BB74-517A654DE817}"
EndProject
Project("{9A19103F-16F7-4668-BE54-9A1E7A4F7556}") = "Nuclear.Extensions", "Nuclear.Extensions\Nuclear.Extensions.csproj", "{FF2DA572-4563-461D-ABB6-1FC1D27B049C}"
EndProject
Project("{9A19103F-16F7-4668-BE54-9A1E7A4F7556}") = "Nuclear.Extensions.Tests", "Nuclear.Extensions.Tests\Nuclear.Extensions.Tests.csproj", "{DC1A690F-FF52-4ACB-9589-F35891834B20}"
EndProject
Project("{9A19103F-16F7-4668-BE54-9A1E7A4F7556}") = "Nuclear.Arguments", "Nuclear.Arguments\Nuclear.Arguments.csproj", "{47F4F8B4-7A38-402C-B9C0-AE4FADB7E26E}"
EndProject
Project("{9A19103F-16F7-4668-BE54-9A1E7A4F7556}") = "Nuclear.Arguments.Tests", "Nuclear.Arguments.Tests\Nuclear.Arguments.Tests.csproj", "{070EDC4A-9371-4967-ACD4-2D4C9DAA68C1}"
EndProject
Global
	GlobalSection(SolutionConfigurationPlatforms) = preSolution
		Debug|Any CPU = Debug|Any CPU
		Debug|x64 = Debug|x64
		Debug|x86 = Debug|x86
		Integration|Any CPU = Integration|Any CPU
		Integration|x64 = Integration|x64
		Integration|x86 = Integration|x86
		Release|Any CPU = Release|Any CPU
		Release|x64 = Release|x64
		Release|x86 = Release|x86
	EndGlobalSection
	GlobalSection(ProjectConfigurationPlatforms) = postSolution
		{69504DE1-7DDF-45F8-B7EE-F0CDB0326A26}.Debug|Any CPU.ActiveCfg = Debug|Any CPU
		{69504DE1-7DDF-45F8-B7EE-F0CDB0326A26}.Debug|Any CPU.Build.0 = Debug|Any CPU
		{69504DE1-7DDF-45F8-B7EE-F0CDB0326A26}.Debug|x64.ActiveCfg = Debug|x64
		{69504DE1-7DDF-45F8-B7EE-F0CDB0326A26}.Debug|x64.Build.0 = Debug|x64
		{69504DE1-7DDF-45F8-B7EE-F0CDB0326A26}.Debug|x86.ActiveCfg = Debug|x86
		{69504DE1-7DDF-45F8-B7EE-F0CDB0326A26}.Debug|x86.Build.0 = Debug|x86
		{69504DE1-7DDF-45F8-B7EE-F0CDB0326A26}.Integration|Any CPU.ActiveCfg = Integration|Any CPU
		{69504DE1-7DDF-45F8-B7EE-F0CDB0326A26}.Integration|Any CPU.Build.0 = Integration|Any CPU
		{69504DE1-7DDF-45F8-B7EE-F0CDB0326A26}.Integration|x64.ActiveCfg = Integration|x64
		{69504DE1-7DDF-45F8-B7EE-F0CDB0326A26}.Integration|x64.Build.0 = Integration|x64
		{69504DE1-7DDF-45F8-B7EE-F0CDB0326A26}.Integration|x86.ActiveCfg = Integration|x86
		{69504DE1-7DDF-45F8-B7EE-F0CDB0326A26}.Integration|x86.Build.0 = Integration|x86
		{69504DE1-7DDF-45F8-B7EE-F0CDB0326A26}.Release|Any CPU.ActiveCfg = Release|Any CPU
		{69504DE1-7DDF-45F8-B7EE-F0CDB0326A26}.Release|Any CPU.Build.0 = Release|Any CPU
		{69504DE1-7DDF-45F8-B7EE-F0CDB0326A26}.Release|x64.ActiveCfg = Release|x64
		{69504DE1-7DDF-45F8-B7EE-F0CDB0326A26}.Release|x64.Build.0 = Release|x64
		{69504DE1-7DDF-45F8-B7EE-F0CDB0326A26}.Release|x86.ActiveCfg = Release|x86
		{69504DE1-7DDF-45F8-B7EE-F0CDB0326A26}.Release|x86.Build.0 = Release|x86
		{0778CD54-A69E-417E-942E-189256EA5331}.Debug|Any CPU.ActiveCfg = Debug|Any CPU
		{0778CD54-A69E-417E-942E-189256EA5331}.Debug|Any CPU.Build.0 = Debug|Any CPU
		{0778CD54-A69E-417E-942E-189256EA5331}.Debug|x64.ActiveCfg = Debug|x64
		{0778CD54-A69E-417E-942E-189256EA5331}.Debug|x64.Build.0 = Debug|x64
		{0778CD54-A69E-417E-942E-189256EA5331}.Debug|x86.ActiveCfg = Debug|x86
		{0778CD54-A69E-417E-942E-189256EA5331}.Debug|x86.Build.0 = Debug|x86
		{0778CD54-A69E-417E-942E-189256EA5331}.Integration|Any CPU.ActiveCfg = Integration|Any CPU
		{0778CD54-A69E-417E-942E-189256EA5331}.Integration|Any CPU.Build.0 = Integration|Any CPU
		{0778CD54-A69E-417E-942E-189256EA5331}.Integration|x64.ActiveCfg = Integration|x64
		{0778CD54-A69E-417E-942E-189256EA5331}.Integration|x64.Build.0 = Integration|x64
		{0778CD54-A69E-417E-942E-189256EA5331}.Integration|x86.ActiveCfg = Integration|x86
		{0778CD54-A69E-417E-942E-189256EA5331}.Integration|x86.Build.0 = Integration|x86
		{0778CD54-A69E-417E-942E-189256EA5331}.Release|Any CPU.ActiveCfg = Release|Any CPU
		{0778CD54-A69E-417E-942E-189256EA5331}.Release|Any CPU.Build.0 = Release|Any CPU
		{0778CD54-A69E-417E-942E-189256EA5331}.Release|x64.ActiveCfg = Release|x64
		{0778CD54-A69E-417E-942E-189256EA5331}.Release|x64.Build.0 = Release|x64
		{0778CD54-A69E-417E-942E-189256EA5331}.Release|x86.ActiveCfg = Release|x86
		{0778CD54-A69E-417E-942E-189256EA5331}.Release|x86.Build.0 = Release|x86
		{9029631A-69C9-494E-B1D7-D0F9C81D96E3}.Debug|Any CPU.ActiveCfg = Debug|Any CPU
		{9029631A-69C9-494E-B1D7-D0F9C81D96E3}.Debug|Any CPU.Build.0 = Debug|Any CPU
		{9029631A-69C9-494E-B1D7-D0F9C81D96E3}.Debug|x64.ActiveCfg = Debug|x64
		{9029631A-69C9-494E-B1D7-D0F9C81D96E3}.Debug|x64.Build.0 = Debug|x64
		{9029631A-69C9-494E-B1D7-D0F9C81D96E3}.Debug|x86.ActiveCfg = Debug|x86
		{9029631A-69C9-494E-B1D7-D0F9C81D96E3}.Debug|x86.Build.0 = Debug|x86
		{9029631A-69C9-494E-B1D7-D0F9C81D96E3}.Integration|Any CPU.ActiveCfg = Integration|Any CPU
		{9029631A-69C9-494E-B1D7-D0F9C81D96E3}.Integration|Any CPU.Build.0 = Integration|Any CPU
		{9029631A-69C9-494E-B1D7-D0F9C81D96E3}.Integration|x64.ActiveCfg = Integration|x64
		{9029631A-69C9-494E-B1D7-D0F9C81D96E3}.Integration|x64.Build.0 = Integration|x64
		{9029631A-69C9-494E-B1D7-D0F9C81D96E3}.Integration|x86.ActiveCfg = Integration|x86
		{9029631A-69C9-494E-B1D7-D0F9C81D96E3}.Integration|x86.Build.0 = Integration|x86
		{9029631A-69C9-494E-B1D7-D0F9C81D96E3}.Release|Any CPU.ActiveCfg = Release|Any CPU
		{9029631A-69C9-494E-B1D7-D0F9C81D96E3}.Release|Any CPU.Build.0 = Release|Any CPU
		{9029631A-69C9-494E-B1D7-D0F9C81D96E3}.Release|x64.ActiveCfg = Release|x64
		{9029631A-69C9-494E-B1D7-D0F9C81D96E3}.Release|x64.Build.0 = Release|x64
		{9029631A-69C9-494E-B1D7-D0F9C81D96E3}.Release|x86.ActiveCfg = Release|x86
		{9029631A-69C9-494E-B1D7-D0F9C81D96E3}.Release|x86.Build.0 = Release|x86
		{6BE9101A-6144-463D-8741-9B1CED4F189D}.Debug|Any CPU.ActiveCfg = Debug|Any CPU
		{6BE9101A-6144-463D-8741-9B1CED4F189D}.Debug|Any CPU.Build.0 = Debug|Any CPU
		{6BE9101A-6144-463D-8741-9B1CED4F189D}.Debug|x64.ActiveCfg = Debug|x64
		{6BE9101A-6144-463D-8741-9B1CED4F189D}.Debug|x64.Build.0 = Debug|x64
		{6BE9101A-6144-463D-8741-9B1CED4F189D}.Debug|x86.ActiveCfg = Debug|x86
		{6BE9101A-6144-463D-8741-9B1CED4F189D}.Debug|x86.Build.0 = Debug|x86
		{6BE9101A-6144-463D-8741-9B1CED4F189D}.Integration|Any CPU.ActiveCfg = Integration|Any CPU
		{6BE9101A-6144-463D-8741-9B1CED4F189D}.Integration|Any CPU.Build.0 = Integration|Any CPU
		{6BE9101A-6144-463D-8741-9B1CED4F189D}.Integration|x64.ActiveCfg = Integration|x64
		{6BE9101A-6144-463D-8741-9B1CED4F189D}.Integration|x64.Build.0 = Integration|x64
		{6BE9101A-6144-463D-8741-9B1CED4F189D}.Integration|x86.ActiveCfg = Integration|x86
		{6BE9101A-6144-463D-8741-9B1CED4F189D}.Integration|x86.Build.0 = Integration|x86
		{6BE9101A-6144-463D-8741-9B1CED4F189D}.Release|Any CPU.ActiveCfg = Release|Any CPU
		{6BE9101A-6144-463D-8741-9B1CED4F189D}.Release|Any CPU.Build.0 = Release|Any CPU
		{6BE9101A-6144-463D-8741-9B1CED4F189D}.Release|x64.ActiveCfg = Release|x64
		{6BE9101A-6144-463D-8741-9B1CED4F189D}.Release|x64.Build.0 = Release|x64
		{6BE9101A-6144-463D-8741-9B1CED4F189D}.Release|x86.ActiveCfg = Release|x86
		{6BE9101A-6144-463D-8741-9B1CED4F189D}.Release|x86.Build.0 = Release|x86
		{883FE745-1ECD-48F5-8E47-7FCFAB292563}.Debug|Any CPU.ActiveCfg = Debug|Any CPU
		{883FE745-1ECD-48F5-8E47-7FCFAB292563}.Debug|Any CPU.Build.0 = Debug|Any CPU
		{883FE745-1ECD-48F5-8E47-7FCFAB292563}.Debug|x64.ActiveCfg = Debug|x64
		{883FE745-1ECD-48F5-8E47-7FCFAB292563}.Debug|x64.Build.0 = Debug|x64
		{883FE745-1ECD-48F5-8E47-7FCFAB292563}.Debug|x86.ActiveCfg = Debug|x86
		{883FE745-1ECD-48F5-8E47-7FCFAB292563}.Debug|x86.Build.0 = Debug|x86
		{883FE745-1ECD-48F5-8E47-7FCFAB292563}.Integration|Any CPU.ActiveCfg = Integration|Any CPU
		{883FE745-1ECD-48F5-8E47-7FCFAB292563}.Integration|Any CPU.Build.0 = Integration|Any CPU
		{883FE745-1ECD-48F5-8E47-7FCFAB292563}.Integration|x64.ActiveCfg = Integration|x64
		{883FE745-1ECD-48F5-8E47-7FCFAB292563}.Integration|x64.Build.0 = Integration|x64
		{883FE745-1ECD-48F5-8E47-7FCFAB292563}.Integration|x86.ActiveCfg = Integration|x86
		{883FE745-1ECD-48F5-8E47-7FCFAB292563}.Integration|x86.Build.0 = Integration|x86
		{883FE745-1ECD-48F5-8E47-7FCFAB292563}.Release|Any CPU.ActiveCfg = Release|Any CPU
		{883FE745-1ECD-48F5-8E47-7FCFAB292563}.Release|Any CPU.Build.0 = Release|Any CPU
		{883FE745-1ECD-48F5-8E47-7FCFAB292563}.Release|x64.ActiveCfg = Release|x64
		{883FE745-1ECD-48F5-8E47-7FCFAB292563}.Release|x64.Build.0 = Release|x64
		{883FE745-1ECD-48F5-8E47-7FCFAB292563}.Release|x86.ActiveCfg = Release|x86
		{883FE745-1ECD-48F5-8E47-7FCFAB292563}.Release|x86.Build.0 = Release|x86
		{ED77BEE1-8FD0-4B99-B085-FD760C9E9E10}.Debug|Any CPU.ActiveCfg = Debug|Any CPU
		{ED77BEE1-8FD0-4B99-B085-FD760C9E9E10}.Debug|Any CPU.Build.0 = Debug|Any CPU
		{ED77BEE1-8FD0-4B99-B085-FD760C9E9E10}.Debug|x64.ActiveCfg = Debug|x64
		{ED77BEE1-8FD0-4B99-B085-FD760C9E9E10}.Debug|x64.Build.0 = Debug|x64
		{ED77BEE1-8FD0-4B99-B085-FD760C9E9E10}.Debug|x86.ActiveCfg = Debug|x86
		{ED77BEE1-8FD0-4B99-B085-FD760C9E9E10}.Debug|x86.Build.0 = Debug|x86
		{ED77BEE1-8FD0-4B99-B085-FD760C9E9E10}.Integration|Any CPU.ActiveCfg = Integration|Any CPU
		{ED77BEE1-8FD0-4B99-B085-FD760C9E9E10}.Integration|Any CPU.Build.0 = Integration|Any CPU
		{ED77BEE1-8FD0-4B99-B085-FD760C9E9E10}.Integration|x64.ActiveCfg = Integration|x64
		{ED77BEE1-8FD0-4B99-B085-FD760C9E9E10}.Integration|x64.Build.0 = Integration|x64
		{ED77BEE1-8FD0-4B99-B085-FD760C9E9E10}.Integration|x86.ActiveCfg = Integration|x86
		{ED77BEE1-8FD0-4B99-B085-FD760C9E9E10}.Integration|x86.Build.0 = Integration|x86
		{ED77BEE1-8FD0-4B99-B085-FD760C9E9E10}.Release|Any CPU.ActiveCfg = Release|Any CPU
		{ED77BEE1-8FD0-4B99-B085-FD760C9E9E10}.Release|Any CPU.Build.0 = Release|Any CPU
		{ED77BEE1-8FD0-4B99-B085-FD760C9E9E10}.Release|x64.ActiveCfg = Release|x64
		{ED77BEE1-8FD0-4B99-B085-FD760C9E9E10}.Release|x64.Build.0 = Release|x64
		{ED77BEE1-8FD0-4B99-B085-FD760C9E9E10}.Release|x86.ActiveCfg = Release|x86
		{ED77BEE1-8FD0-4B99-B085-FD760C9E9E10}.Release|x86.Build.0 = Release|x86
		{CB6A1D86-FE10-4C2D-A7A2-BBD53024DC8D}.Debug|Any CPU.ActiveCfg = Debug|Any CPU
		{CB6A1D86-FE10-4C2D-A7A2-BBD53024DC8D}.Debug|x64.ActiveCfg = Debug|x64
		{CB6A1D86-FE10-4C2D-A7A2-BBD53024DC8D}.Debug|x86.ActiveCfg = Debug|x86
		{CB6A1D86-FE10-4C2D-A7A2-BBD53024DC8D}.Integration|Any CPU.ActiveCfg = Integration|Any CPU
		{CB6A1D86-FE10-4C2D-A7A2-BBD53024DC8D}.Integration|x64.ActiveCfg = Integration|x64
		{CB6A1D86-FE10-4C2D-A7A2-BBD53024DC8D}.Integration|x86.ActiveCfg = Integration|x86
		{CB6A1D86-FE10-4C2D-A7A2-BBD53024DC8D}.Release|Any CPU.ActiveCfg = Release|Any CPU
		{CB6A1D86-FE10-4C2D-A7A2-BBD53024DC8D}.Release|x64.ActiveCfg = Release|x64
		{CB6A1D86-FE10-4C2D-A7A2-BBD53024DC8D}.Release|x86.ActiveCfg = Release|x86
		{6DDCFC6C-FA09-483B-9788-8BA15945BB35}.Debug|Any CPU.ActiveCfg = Debug|Any CPU
		{6DDCFC6C-FA09-483B-9788-8BA15945BB35}.Debug|x64.ActiveCfg = Debug|x64
		{6DDCFC6C-FA09-483B-9788-8BA15945BB35}.Debug|x86.ActiveCfg = Debug|x86
		{6DDCFC6C-FA09-483B-9788-8BA15945BB35}.Integration|Any CPU.ActiveCfg = Release|Any CPU
		{6DDCFC6C-FA09-483B-9788-8BA15945BB35}.Integration|x64.ActiveCfg = Release|x64
		{6DDCFC6C-FA09-483B-9788-8BA15945BB35}.Integration|x86.ActiveCfg = Release|x86
		{6DDCFC6C-FA09-483B-9788-8BA15945BB35}.Release|Any CPU.ActiveCfg = Release|Any CPU
		{6DDCFC6C-FA09-483B-9788-8BA15945BB35}.Release|x64.ActiveCfg = Release|x64
		{6DDCFC6C-FA09-483B-9788-8BA15945BB35}.Release|x86.ActiveCfg = Release|x86
		{6FF7F88D-A70C-4382-8992-7BBF388CD4E2}.Debug|Any CPU.ActiveCfg = Debug|Any CPU
		{6FF7F88D-A70C-4382-8992-7BBF388CD4E2}.Debug|Any CPU.Build.0 = Debug|Any CPU
		{6FF7F88D-A70C-4382-8992-7BBF388CD4E2}.Debug|x64.ActiveCfg = Debug|x64
		{6FF7F88D-A70C-4382-8992-7BBF388CD4E2}.Debug|x64.Build.0 = Debug|x64
		{6FF7F88D-A70C-4382-8992-7BBF388CD4E2}.Debug|x86.ActiveCfg = Debug|x86
		{6FF7F88D-A70C-4382-8992-7BBF388CD4E2}.Debug|x86.Build.0 = Debug|x86
		{6FF7F88D-A70C-4382-8992-7BBF388CD4E2}.Integration|Any CPU.ActiveCfg = Integration|Any CPU
		{6FF7F88D-A70C-4382-8992-7BBF388CD4E2}.Integration|Any CPU.Build.0 = Integration|Any CPU
		{6FF7F88D-A70C-4382-8992-7BBF388CD4E2}.Integration|x64.ActiveCfg = Integration|x64
		{6FF7F88D-A70C-4382-8992-7BBF388CD4E2}.Integration|x64.Build.0 = Integration|x64
		{6FF7F88D-A70C-4382-8992-7BBF388CD4E2}.Integration|x86.ActiveCfg = Integration|x86
		{6FF7F88D-A70C-4382-8992-7BBF388CD4E2}.Integration|x86.Build.0 = Integration|x86
		{6FF7F88D-A70C-4382-8992-7BBF388CD4E2}.Release|Any CPU.ActiveCfg = Release|Any CPU
		{6FF7F88D-A70C-4382-8992-7BBF388CD4E2}.Release|Any CPU.Build.0 = Release|Any CPU
		{6FF7F88D-A70C-4382-8992-7BBF388CD4E2}.Release|x64.ActiveCfg = Release|x64
		{6FF7F88D-A70C-4382-8992-7BBF388CD4E2}.Release|x64.Build.0 = Release|x64
		{6FF7F88D-A70C-4382-8992-7BBF388CD4E2}.Release|x86.ActiveCfg = Release|x86
		{6FF7F88D-A70C-4382-8992-7BBF388CD4E2}.Release|x86.Build.0 = Release|x86
		{98DBCE13-5B63-4D7C-BB74-517A654DE817}.Debug|Any CPU.ActiveCfg = Debug|Any CPU
		{98DBCE13-5B63-4D7C-BB74-517A654DE817}.Debug|Any CPU.Build.0 = Debug|Any CPU
		{98DBCE13-5B63-4D7C-BB74-517A654DE817}.Debug|x64.ActiveCfg = Debug|x64
		{98DBCE13-5B63-4D7C-BB74-517A654DE817}.Debug|x64.Build.0 = Debug|x64
		{98DBCE13-5B63-4D7C-BB74-517A654DE817}.Debug|x86.ActiveCfg = Debug|x86
		{98DBCE13-5B63-4D7C-BB74-517A654DE817}.Debug|x86.Build.0 = Debug|x86
		{98DBCE13-5B63-4D7C-BB74-517A654DE817}.Integration|Any CPU.ActiveCfg = Integration|Any CPU
		{98DBCE13-5B63-4D7C-BB74-517A654DE817}.Integration|Any CPU.Build.0 = Integration|Any CPU
		{98DBCE13-5B63-4D7C-BB74-517A654DE817}.Integration|x64.ActiveCfg = Integration|x64
		{98DBCE13-5B63-4D7C-BB74-517A654DE817}.Integration|x64.Build.0 = Integration|x64
		{98DBCE13-5B63-4D7C-BB74-517A654DE817}.Integration|x86.ActiveCfg = Integration|x86
		{98DBCE13-5B63-4D7C-BB74-517A654DE817}.Integration|x86.Build.0 = Integration|x86
		{98DBCE13-5B63-4D7C-BB74-517A654DE817}.Release|Any CPU.ActiveCfg = Release|Any CPU
		{98DBCE13-5B63-4D7C-BB74-517A654DE817}.Release|Any CPU.Build.0 = Release|Any CPU
		{98DBCE13-5B63-4D7C-BB74-517A654DE817}.Release|x64.ActiveCfg = Release|x64
		{98DBCE13-5B63-4D7C-BB74-517A654DE817}.Release|x64.Build.0 = Release|x64
		{98DBCE13-5B63-4D7C-BB74-517A654DE817}.Release|x86.ActiveCfg = Release|x86
		{98DBCE13-5B63-4D7C-BB74-517A654DE817}.Release|x86.Build.0 = Release|x86
		{FF2DA572-4563-461D-ABB6-1FC1D27B049C}.Debug|Any CPU.ActiveCfg = Debug|Any CPU
		{FF2DA572-4563-461D-ABB6-1FC1D27B049C}.Debug|Any CPU.Build.0 = Debug|Any CPU
		{FF2DA572-4563-461D-ABB6-1FC1D27B049C}.Debug|x64.ActiveCfg = Debug|x64
		{FF2DA572-4563-461D-ABB6-1FC1D27B049C}.Debug|x64.Build.0 = Debug|x64
		{FF2DA572-4563-461D-ABB6-1FC1D27B049C}.Debug|x86.ActiveCfg = Debug|x86
		{FF2DA572-4563-461D-ABB6-1FC1D27B049C}.Debug|x86.Build.0 = Debug|x86
		{FF2DA572-4563-461D-ABB6-1FC1D27B049C}.Integration|Any CPU.ActiveCfg = Integration|Any CPU
		{FF2DA572-4563-461D-ABB6-1FC1D27B049C}.Integration|Any CPU.Build.0 = Integration|Any CPU
		{FF2DA572-4563-461D-ABB6-1FC1D27B049C}.Integration|x64.ActiveCfg = Integration|x64
		{FF2DA572-4563-461D-ABB6-1FC1D27B049C}.Integration|x64.Build.0 = Integration|x64
		{FF2DA572-4563-461D-ABB6-1FC1D27B049C}.Integration|x86.ActiveCfg = Integration|x86
		{FF2DA572-4563-461D-ABB6-1FC1D27B049C}.Integration|x86.Build.0 = Integration|x86
		{FF2DA572-4563-461D-ABB6-1FC1D27B049C}.Release|Any CPU.ActiveCfg = Release|Any CPU
		{FF2DA572-4563-461D-ABB6-1FC1D27B049C}.Release|Any CPU.Build.0 = Release|Any CPU
		{FF2DA572-4563-461D-ABB6-1FC1D27B049C}.Release|x64.ActiveCfg = Release|x64
		{FF2DA572-4563-461D-ABB6-1FC1D27B049C}.Release|x64.Build.0 = Release|x64
		{FF2DA572-4563-461D-ABB6-1FC1D27B049C}.Release|x86.ActiveCfg = Release|x86
		{FF2DA572-4563-461D-ABB6-1FC1D27B049C}.Release|x86.Build.0 = Release|x86
		{DC1A690F-FF52-4ACB-9589-F35891834B20}.Debug|Any CPU.ActiveCfg = Debug|Any CPU
		{DC1A690F-FF52-4ACB-9589-F35891834B20}.Debug|Any CPU.Build.0 = Debug|Any CPU
		{DC1A690F-FF52-4ACB-9589-F35891834B20}.Debug|x64.ActiveCfg = Debug|x64
		{DC1A690F-FF52-4ACB-9589-F35891834B20}.Debug|x64.Build.0 = Debug|x64
		{DC1A690F-FF52-4ACB-9589-F35891834B20}.Debug|x86.ActiveCfg = Debug|x86
		{DC1A690F-FF52-4ACB-9589-F35891834B20}.Debug|x86.Build.0 = Debug|x86
		{DC1A690F-FF52-4ACB-9589-F35891834B20}.Integration|Any CPU.ActiveCfg = Integration|Any CPU
		{DC1A690F-FF52-4ACB-9589-F35891834B20}.Integration|Any CPU.Build.0 = Integration|Any CPU
		{DC1A690F-FF52-4ACB-9589-F35891834B20}.Integration|x64.ActiveCfg = Integration|x64
		{DC1A690F-FF52-4ACB-9589-F35891834B20}.Integration|x64.Build.0 = Integration|x64
		{DC1A690F-FF52-4ACB-9589-F35891834B20}.Integration|x86.ActiveCfg = Integration|x86
		{DC1A690F-FF52-4ACB-9589-F35891834B20}.Integration|x86.Build.0 = Integration|x86
		{DC1A690F-FF52-4ACB-9589-F35891834B20}.Release|Any CPU.ActiveCfg = Release|Any CPU
		{DC1A690F-FF52-4ACB-9589-F35891834B20}.Release|Any CPU.Build.0 = Release|Any CPU
		{DC1A690F-FF52-4ACB-9589-F35891834B20}.Release|x64.ActiveCfg = Release|x64
		{DC1A690F-FF52-4ACB-9589-F35891834B20}.Release|x64.Build.0 = Release|x64
		{DC1A690F-FF52-4ACB-9589-F35891834B20}.Release|x86.ActiveCfg = Release|x86
		{DC1A690F-FF52-4ACB-9589-F35891834B20}.Release|x86.Build.0 = Release|x86
		{47F4F8B4-7A38-402C-B9C0-AE4FADB7E26E}.Debug|Any CPU.ActiveCfg = Debug|Any CPU
		{47F4F8B4-7A38-402C-B9C0-AE4FADB7E26E}.Debug|Any CPU.Build.0 = Debug|Any CPU
		{47F4F8B4-7A38-402C-B9C0-AE4FADB7E26E}.Debug|x64.ActiveCfg = Debug|x64
		{47F4F8B4-7A38-402C-B9C0-AE4FADB7E26E}.Debug|x64.Build.0 = Debug|x64
		{47F4F8B4-7A38-402C-B9C0-AE4FADB7E26E}.Debug|x86.ActiveCfg = Debug|x86
		{47F4F8B4-7A38-402C-B9C0-AE4FADB7E26E}.Debug|x86.Build.0 = Debug|x86
		{47F4F8B4-7A38-402C-B9C0-AE4FADB7E26E}.Integration|Any CPU.ActiveCfg = Integration|Any CPU
		{47F4F8B4-7A38-402C-B9C0-AE4FADB7E26E}.Integration|Any CPU.Build.0 = Integration|Any CPU
		{47F4F8B4-7A38-402C-B9C0-AE4FADB7E26E}.Integration|x64.ActiveCfg = Integration|x64
		{47F4F8B4-7A38-402C-B9C0-AE4FADB7E26E}.Integration|x64.Build.0 = Integration|x64
		{47F4F8B4-7A38-402C-B9C0-AE4FADB7E26E}.Integration|x86.ActiveCfg = Integration|x86
		{47F4F8B4-7A38-402C-B9C0-AE4FADB7E26E}.Integration|x86.Build.0 = Integration|x86
		{47F4F8B4-7A38-402C-B9C0-AE4FADB7E26E}.Release|Any CPU.ActiveCfg = Release|Any CPU
		{47F4F8B4-7A38-402C-B9C0-AE4FADB7E26E}.Release|Any CPU.Build.0 = Release|Any CPU
		{47F4F8B4-7A38-402C-B9C0-AE4FADB7E26E}.Release|x64.ActiveCfg = Release|x64
		{47F4F8B4-7A38-402C-B9C0-AE4FADB7E26E}.Release|x64.Build.0 = Release|x64
		{47F4F8B4-7A38-402C-B9C0-AE4FADB7E26E}.Release|x86.ActiveCfg = Release|x86
		{47F4F8B4-7A38-402C-B9C0-AE4FADB7E26E}.Release|x86.Build.0 = Release|x86
		{070EDC4A-9371-4967-ACD4-2D4C9DAA68C1}.Debug|Any CPU.ActiveCfg = Debug|Any CPU
		{070EDC4A-9371-4967-ACD4-2D4C9DAA68C1}.Debug|Any CPU.Build.0 = Debug|Any CPU
		{070EDC4A-9371-4967-ACD4-2D4C9DAA68C1}.Debug|x64.ActiveCfg = Debug|x64
		{070EDC4A-9371-4967-ACD4-2D4C9DAA68C1}.Debug|x64.Build.0 = Debug|x64
		{070EDC4A-9371-4967-ACD4-2D4C9DAA68C1}.Debug|x86.ActiveCfg = Debug|x86
		{070EDC4A-9371-4967-ACD4-2D4C9DAA68C1}.Debug|x86.Build.0 = Debug|x86
		{070EDC4A-9371-4967-ACD4-2D4C9DAA68C1}.Integration|Any CPU.ActiveCfg = Integration|Any CPU
		{070EDC4A-9371-4967-ACD4-2D4C9DAA68C1}.Integration|Any CPU.Build.0 = Integration|Any CPU
		{070EDC4A-9371-4967-ACD4-2D4C9DAA68C1}.Integration|x64.ActiveCfg = Integration|x64
		{070EDC4A-9371-4967-ACD4-2D4C9DAA68C1}.Integration|x64.Build.0 = Integration|x64
		{070EDC4A-9371-4967-ACD4-2D4C9DAA68C1}.Integration|x86.ActiveCfg = Integration|x86
		{070EDC4A-9371-4967-ACD4-2D4C9DAA68C1}.Integration|x86.Build.0 = Integration|x86
		{070EDC4A-9371-4967-ACD4-2D4C9DAA68C1}.Release|Any CPU.ActiveCfg = Release|Any CPU
		{070EDC4A-9371-4967-ACD4-2D4C9DAA68C1}.Release|Any CPU.Build.0 = Release|Any CPU
		{070EDC4A-9371-4967-ACD4-2D4C9DAA68C1}.Release|x64.ActiveCfg = Release|x64
		{070EDC4A-9371-4967-ACD4-2D4C9DAA68C1}.Release|x64.Build.0 = Release|x64
		{070EDC4A-9371-4967-ACD4-2D4C9DAA68C1}.Release|x86.ActiveCfg = Release|x86
		{070EDC4A-9371-4967-ACD4-2D4C9DAA68C1}.Release|x86.Build.0 = Release|x86
	EndGlobalSection
	GlobalSection(SolutionProperties) = preSolution
		HideSolutionNode = FALSE
	EndGlobalSection
	GlobalSection(ExtensibilityGlobals) = postSolution
		SolutionGuid = {59232FAD-4D55-44B8-94F3-896BE51B750C}
	EndGlobalSection
EndGlobal
